
Microsoft Visual Studio Solution File, Format Version 12.00
Project("{FAE04EC0-301F-11D3-BF4B-00C04F79EFBC}") = "PersonnelAccounting", "PersonnelAccounting\PersonnelAccounting.csproj", "{617B4371-9608-43A5-B7DD-211B1056B591}"
EndProject
Project("{FAE04EC0-301F-11D3-BF4B-00C04F79EFBC}") = "ReadInt", "ReadInt\ReadInt.csproj", "{4877AD62-4FC3-49D8-9824-6FFD2DD72747}"
EndProject
Global
	GlobalSection(SolutionConfigurationPlatforms) = preSolution
		Debug|Any CPU = Debug|Any CPU
		Release|Any CPU = Release|Any CPU
	EndGlobalSection
	GlobalSection(ProjectConfigurationPlatforms) = postSolution
		{617B4371-9608-43A5-B7DD-211B1056B591}.Debug|Any CPU.ActiveCfg = Debug|Any CPU
		{617B4371-9608-43A5-B7DD-211B1056B591}.Debug|Any CPU.Build.0 = Debug|Any CPU
		{617B4371-9608-43A5-B7DD-211B1056B591}.Release|Any CPU.ActiveCfg = Release|Any CPU
		{617B4371-9608-43A5-B7DD-211B1056B591}.Release|Any CPU.Build.0 = Release|Any CPU
		{4877AD62-4FC3-49D8-9824-6FFD2DD72747}.Debug|Any CPU.ActiveCfg = Debug|Any CPU
		{4877AD62-4FC3-49D8-9824-6FFD2DD72747}.Debug|Any CPU.Build.0 = Debug|Any CPU
		{4877AD62-4FC3-49D8-9824-6FFD2DD72747}.Release|Any CPU.ActiveCfg = Release|Any CPU
		{4877AD62-4FC3-49D8-9824-6FFD2DD72747}.Release|Any CPU.Build.0 = Release|Any CPU
	EndGlobalSection
EndGlobal
