
Microsoft Visual Studio Solution File, Format Version 12.00
Project("{FAE04EC0-301F-11D3-BF4B-00C04F79EFBC}") = "Variables", "Variables\Variables.csproj", "{EDDE993C-77F9-4457-A127-6B7941B33A6D}"
EndProject
Project("{FAE04EC0-301F-11D3-BF4B-00C04F79EFBC}") = "WorkingWithStrings", "WorkingWithStrings\WorkingWithStrings.csproj", "{AEF494E9-D588-4F50-BFDA-35D91362AB32}"
EndProject
Project("{FAE04EC0-301F-11D3-BF4B-00C04F79EFBC}") = "Images", "Images\Images.csproj", "{5C73AE2E-75E3-4F71-94D2-4E28A0A84E26}"
EndProject
Project("{FAE04EC0-301F-11D3-BF4B-00C04F79EFBC}") = "SwappingValues", "SwappingValues\SwappingValues.csproj", "{545F18F4-18A1-41EF-97A3-22D6020E550A}"
EndProject
Project("{FAE04EC0-301F-11D3-BF4B-00C04F79EFBC}") = "CrystalShop", "CrystalShop\CrystalShop.csproj", "{AC49E676-6A45-46AF-9A7D-F505DD07BE52}"
EndProject
Global
	GlobalSection(SolutionConfigurationPlatforms) = preSolution
		Debug|Any CPU = Debug|Any CPU
		Release|Any CPU = Release|Any CPU
	EndGlobalSection
	GlobalSection(ProjectConfigurationPlatforms) = postSolution
		{EDDE993C-77F9-4457-A127-6B7941B33A6D}.Debug|Any CPU.ActiveCfg = Debug|Any CPU
		{EDDE993C-77F9-4457-A127-6B7941B33A6D}.Debug|Any CPU.Build.0 = Debug|Any CPU
		{EDDE993C-77F9-4457-A127-6B7941B33A6D}.Release|Any CPU.ActiveCfg = Release|Any CPU
		{EDDE993C-77F9-4457-A127-6B7941B33A6D}.Release|Any CPU.Build.0 = Release|Any CPU
		{AEF494E9-D588-4F50-BFDA-35D91362AB32}.Debug|Any CPU.ActiveCfg = Debug|Any CPU
		{AEF494E9-D588-4F50-BFDA-35D91362AB32}.Debug|Any CPU.Build.0 = Debug|Any CPU
		{AEF494E9-D588-4F50-BFDA-35D91362AB32}.Release|Any CPU.ActiveCfg = Release|Any CPU
		{AEF494E9-D588-4F50-BFDA-35D91362AB32}.Release|Any CPU.Build.0 = Release|Any CPU
		{5C73AE2E-75E3-4F71-94D2-4E28A0A84E26}.Debug|Any CPU.ActiveCfg = Debug|Any CPU
		{5C73AE2E-75E3-4F71-94D2-4E28A0A84E26}.Debug|Any CPU.Build.0 = Debug|Any CPU
		{5C73AE2E-75E3-4F71-94D2-4E28A0A84E26}.Release|Any CPU.ActiveCfg = Release|Any CPU
		{5C73AE2E-75E3-4F71-94D2-4E28A0A84E26}.Release|Any CPU.Build.0 = Release|Any CPU
		{545F18F4-18A1-41EF-97A3-22D6020E550A}.Debug|Any CPU.ActiveCfg = Debug|Any CPU
		{545F18F4-18A1-41EF-97A3-22D6020E550A}.Debug|Any CPU.Build.0 = Debug|Any CPU
		{545F18F4-18A1-41EF-97A3-22D6020E550A}.Release|Any CPU.ActiveCfg = Release|Any CPU
		{545F18F4-18A1-41EF-97A3-22D6020E550A}.Release|Any CPU.Build.0 = Release|Any CPU
		{AC49E676-6A45-46AF-9A7D-F505DD07BE52}.Debug|Any CPU.ActiveCfg = Debug|Any CPU
		{AC49E676-6A45-46AF-9A7D-F505DD07BE52}.Debug|Any CPU.Build.0 = Debug|Any CPU
		{AC49E676-6A45-46AF-9A7D-F505DD07BE52}.Release|Any CPU.ActiveCfg = Release|Any CPU
		{AC49E676-6A45-46AF-9A7D-F505DD07BE52}.Release|Any CPU.Build.0 = Release|Any CPU
	EndGlobalSection
EndGlobal
